
Microsoft Visual Studio Solution File, Format Version 12.00
# Visual Studio Version 16
VisualStudioVersion = 16.0.30621.155
MinimumVisualStudioVersion = 10.0.40219.1
Project("{FAE04EC0-301F-11D3-BF4B-00C04F79EFBC}") = "SimplyPost.WebAPI", "SimplyPost.WebAPI\SimplyPost.WebAPI.csproj", "{1E9A72E3-D044-4BEB-860D-7096299E3982}"
EndProject
Project("{FAE04EC0-301F-11D3-BF4B-00C04F79EFBC}") = "SimplyPost.Data", "SimplyPost.Data\SimplyPost.Data.csproj", "{C7ABB611-ABC3-4A36-8EF9-39DEB9B082A5}"
EndProject
Project("{FAE04EC0-301F-11D3-BF4B-00C04F79EFBC}") = "SimplyPost.Models", "SimplyPost.Models\SimplyPost.Models.csproj", "{84EA0B30-8D19-49D3-A4E7-5C6DF4B46D97}"
EndProject
Project("{FAE04EC0-301F-11D3-BF4B-00C04F79EFBC}") = "SimplyPost.Services", "SimplyPost.Services\SimplyPost.Services.csproj", "{92276B31-F8F8-411E-84F2-DB6FC375D64F}"
EndProject
Global
	GlobalSection(SolutionConfigurationPlatforms) = preSolution
		Debug|Any CPU = Debug|Any CPU
		Release|Any CPU = Release|Any CPU
	EndGlobalSection
	GlobalSection(ProjectConfigurationPlatforms) = postSolution
		{1E9A72E3-D044-4BEB-860D-7096299E3982}.Debug|Any CPU.ActiveCfg = Debug|Any CPU
		{1E9A72E3-D044-4BEB-860D-7096299E3982}.Debug|Any CPU.Build.0 = Debug|Any CPU
		{1E9A72E3-D044-4BEB-860D-7096299E3982}.Release|Any CPU.ActiveCfg = Release|Any CPU
		{1E9A72E3-D044-4BEB-860D-7096299E3982}.Release|Any CPU.Build.0 = Release|Any CPU
		{C7ABB611-ABC3-4A36-8EF9-39DEB9B082A5}.Debug|Any CPU.ActiveCfg = Debug|Any CPU
		{C7ABB611-ABC3-4A36-8EF9-39DEB9B082A5}.Debug|Any CPU.Build.0 = Debug|Any CPU
		{C7ABB611-ABC3-4A36-8EF9-39DEB9B082A5}.Release|Any CPU.ActiveCfg = Release|Any CPU
		{C7ABB611-ABC3-4A36-8EF9-39DEB9B082A5}.Release|Any CPU.Build.0 = Release|Any CPU
		{84EA0B30-8D19-49D3-A4E7-5C6DF4B46D97}.Debug|Any CPU.ActiveCfg = Debug|Any CPU
		{84EA0B30-8D19-49D3-A4E7-5C6DF4B46D97}.Debug|Any CPU.Build.0 = Debug|Any CPU
		{84EA0B30-8D19-49D3-A4E7-5C6DF4B46D97}.Release|Any CPU.ActiveCfg = Release|Any CPU
		{84EA0B30-8D19-49D3-A4E7-5C6DF4B46D97}.Release|Any CPU.Build.0 = Release|Any CPU
		{92276B31-F8F8-411E-84F2-DB6FC375D64F}.Debug|Any CPU.ActiveCfg = Debug|Any CPU
		{92276B31-F8F8-411E-84F2-DB6FC375D64F}.Debug|Any CPU.Build.0 = Debug|Any CPU
		{92276B31-F8F8-411E-84F2-DB6FC375D64F}.Release|Any CPU.ActiveCfg = Release|Any CPU
		{92276B31-F8F8-411E-84F2-DB6FC375D64F}.Release|Any CPU.Build.0 = Release|Any CPU
	EndGlobalSection
	GlobalSection(SolutionProperties) = preSolution
		HideSolutionNode = FALSE
	EndGlobalSection
	GlobalSection(ExtensibilityGlobals) = postSolution
		SolutionGuid = {4144E5A6-CF27-4974-A836-4F2C685BDD2B}
	EndGlobalSection
EndGlobal
